
Microsoft Visual Studio Solution File, Format Version 12.00
# Visual Studio Version 16
VisualStudioVersion = 16.0.31515.178
MinimumVisualStudioVersion = 10.0.40219.1
Project("{FAE04EC0-301F-11D3-BF4B-00C04F79EFBC}") = "GameSaper", "GameSaper\GameSaper.csproj", "{9AD3DEA1-E6BA-45BB-BCC9-D5206865ABCD}"
EndProject
Global
	GlobalSection(SolutionConfigurationPlatforms) = preSolution
		Debug|Any CPU = Debug|Any CPU
		Release|Any CPU = Release|Any CPU
	EndGlobalSection
	GlobalSection(ProjectConfigurationPlatforms) = postSolution
		{9AD3DEA1-E6BA-45BB-BCC9-D5206865ABCD}.Debug|Any CPU.ActiveCfg = Debug|Any CPU
		{9AD3DEA1-E6BA-45BB-BCC9-D5206865ABCD}.Debug|Any CPU.Build.0 = Debug|Any CPU
		{9AD3DEA1-E6BA-45BB-BCC9-D5206865ABCD}.Release|Any CPU.ActiveCfg = Release|Any CPU
		{9AD3DEA1-E6BA-45BB-BCC9-D5206865ABCD}.Release|Any CPU.Build.0 = Release|Any CPU
	EndGlobalSection
	GlobalSection(SolutionProperties) = preSolution
		HideSolutionNode = FALSE
	EndGlobalSection
	GlobalSection(ExtensibilityGlobals) = postSolution
		SolutionGuid = {4A96715B-2964-45BE-90EC-0BA69E4CD597}
	EndGlobalSection
EndGlobal
